
Microsoft Visual Studio Solution File, Format Version 12.00
# Visual Studio Version 17
VisualStudioVersion = 17.3.32825.248
MinimumVisualStudioVersion = 10.0.40219.1
Project("{FAE04EC0-301F-11D3-BF4B-00C04F79EFBC}") = "wav-share-service", "wav-share-service\wav-share-service.csproj", "{7BD1F566-F6DB-4905-B092-4CE57B16983C}"
EndProject
Global
	GlobalSection(SolutionConfigurationPlatforms) = preSolution
		Debug|Any CPU = Debug|Any CPU
		Release|Any CPU = Release|Any CPU
	EndGlobalSection
	GlobalSection(ProjectConfigurationPlatforms) = postSolution
		{7BD1F566-F6DB-4905-B092-4CE57B16983C}.Debug|Any CPU.ActiveCfg = Debug|Any CPU
		{7BD1F566-F6DB-4905-B092-4CE57B16983C}.Debug|Any CPU.Build.0 = Debug|Any CPU
		{7BD1F566-F6DB-4905-B092-4CE57B16983C}.Release|Any CPU.ActiveCfg = Release|Any CPU
		{7BD1F566-F6DB-4905-B092-4CE57B16983C}.Release|Any CPU.Build.0 = Release|Any CPU
	EndGlobalSection
	GlobalSection(SolutionProperties) = preSolution
		HideSolutionNode = FALSE
	EndGlobalSection
	GlobalSection(ExtensibilityGlobals) = postSolution
		SolutionGuid = {03B99193-74BF-4432-BBA5-EB4A7E5B71AA}
	EndGlobalSection
EndGlobal
