
Microsoft Visual Studio Solution File, Format Version 12.00
# Visual Studio Version 17
VisualStudioVersion = 17.3.32825.248
MinimumVisualStudioVersion = 10.0.40219.1
Project("{9A19103F-16F7-4668-BE54-9A1E7A4F7556}") = "WavShareService", "WavShareService\WavShareService.csproj", "{364A00DE-F6A9-42C2-AC13-B2702D511F96}"
EndProject
Project("{9A19103F-16F7-4668-BE54-9A1E7A4F7556}") = "WavShareServiceBLL", "WavShareServiceBLL\WavShareServiceBLL.csproj", "{FBEFAE47-7928-4B53-BD04-9C9D64DD6A0A}"
EndProject
Project("{9A19103F-16F7-4668-BE54-9A1E7A4F7556}") = "WavShareServiceDAL", "WavShareServiceDAL\WavShareServiceDAL.csproj", "{6E41F3C3-ABF8-451F-89A4-42B661AEF801}"
EndProject
Project("{9A19103F-16F7-4668-BE54-9A1E7A4F7556}") = "WavShareServiceModels", "WavShareServiceModels\WavShareServiceModels.csproj", "{D7227CE6-6668-45DA-AD5C-1F2C61E99FAA}"
EndProject
Project("{9A19103F-16F7-4668-BE54-9A1E7A4F7556}") = "WavShareServiceUnitTests", "WavShareUnitTest\WavShareServiceUnitTests.csproj", "{F262E265-3065-4171-9747-B81D38EB6813}"
EndProject
Project("{00D1A9C2-B5F0-4AF3-8072-F6C62B433612}") = "WavShareServiceDb", "WavShareServiceDb\WavShareServiceDb.sqlproj", "{E5C35A87-CEB9-48C0-93E2-8FFF44952AF1}"
EndProject
Project("{FAE04EC0-301F-11D3-BF4B-00C04F79EFBC}") = "WavShareServiceDbUnitTests", "WavShareServiceDbUnitTests\WavShareServiceDbUnitTests.csproj", "{3B7B51C0-BD3F-4ADF-920A-278DEC1406E9}"
EndProject
Global
	GlobalSection(SolutionConfigurationPlatforms) = preSolution
		Debug|Any CPU = Debug|Any CPU
		Release|Any CPU = Release|Any CPU
	EndGlobalSection
	GlobalSection(ProjectConfigurationPlatforms) = postSolution
		{364A00DE-F6A9-42C2-AC13-B2702D511F96}.Debug|Any CPU.ActiveCfg = Debug|Any CPU
		{364A00DE-F6A9-42C2-AC13-B2702D511F96}.Debug|Any CPU.Build.0 = Debug|Any CPU
		{364A00DE-F6A9-42C2-AC13-B2702D511F96}.Release|Any CPU.ActiveCfg = Release|Any CPU
		{364A00DE-F6A9-42C2-AC13-B2702D511F96}.Release|Any CPU.Build.0 = Release|Any CPU
		{FBEFAE47-7928-4B53-BD04-9C9D64DD6A0A}.Debug|Any CPU.ActiveCfg = Debug|Any CPU
		{FBEFAE47-7928-4B53-BD04-9C9D64DD6A0A}.Debug|Any CPU.Build.0 = Debug|Any CPU
		{FBEFAE47-7928-4B53-BD04-9C9D64DD6A0A}.Release|Any CPU.ActiveCfg = Release|Any CPU
		{FBEFAE47-7928-4B53-BD04-9C9D64DD6A0A}.Release|Any CPU.Build.0 = Release|Any CPU
		{6E41F3C3-ABF8-451F-89A4-42B661AEF801}.Debug|Any CPU.ActiveCfg = Debug|Any CPU
		{6E41F3C3-ABF8-451F-89A4-42B661AEF801}.Debug|Any CPU.Build.0 = Debug|Any CPU
		{6E41F3C3-ABF8-451F-89A4-42B661AEF801}.Release|Any CPU.ActiveCfg = Release|Any CPU
		{6E41F3C3-ABF8-451F-89A4-42B661AEF801}.Release|Any CPU.Build.0 = Release|Any CPU
		{D7227CE6-6668-45DA-AD5C-1F2C61E99FAA}.Debug|Any CPU.ActiveCfg = Debug|Any CPU
		{D7227CE6-6668-45DA-AD5C-1F2C61E99FAA}.Debug|Any CPU.Build.0 = Debug|Any CPU
		{D7227CE6-6668-45DA-AD5C-1F2C61E99FAA}.Release|Any CPU.ActiveCfg = Release|Any CPU
		{D7227CE6-6668-45DA-AD5C-1F2C61E99FAA}.Release|Any CPU.Build.0 = Release|Any CPU
		{F262E265-3065-4171-9747-B81D38EB6813}.Debug|Any CPU.ActiveCfg = Debug|Any CPU
		{F262E265-3065-4171-9747-B81D38EB6813}.Debug|Any CPU.Build.0 = Debug|Any CPU
		{F262E265-3065-4171-9747-B81D38EB6813}.Release|Any CPU.ActiveCfg = Release|Any CPU
		{F262E265-3065-4171-9747-B81D38EB6813}.Release|Any CPU.Build.0 = Release|Any CPU
		{E5C35A87-CEB9-48C0-93E2-8FFF44952AF1}.Debug|Any CPU.ActiveCfg = Debug|Any CPU
		{E5C35A87-CEB9-48C0-93E2-8FFF44952AF1}.Debug|Any CPU.Build.0 = Debug|Any CPU
		{E5C35A87-CEB9-48C0-93E2-8FFF44952AF1}.Debug|Any CPU.Deploy.0 = Debug|Any CPU
		{E5C35A87-CEB9-48C0-93E2-8FFF44952AF1}.Release|Any CPU.ActiveCfg = Release|Any CPU
		{E5C35A87-CEB9-48C0-93E2-8FFF44952AF1}.Release|Any CPU.Build.0 = Release|Any CPU
		{E5C35A87-CEB9-48C0-93E2-8FFF44952AF1}.Release|Any CPU.Deploy.0 = Release|Any CPU
		{3B7B51C0-BD3F-4ADF-920A-278DEC1406E9}.Debug|Any CPU.ActiveCfg = Debug|Any CPU
		{3B7B51C0-BD3F-4ADF-920A-278DEC1406E9}.Debug|Any CPU.Build.0 = Debug|Any CPU
		{3B7B51C0-BD3F-4ADF-920A-278DEC1406E9}.Release|Any CPU.ActiveCfg = Release|Any CPU
		{3B7B51C0-BD3F-4ADF-920A-278DEC1406E9}.Release|Any CPU.Build.0 = Release|Any CPU
	EndGlobalSection
	GlobalSection(SolutionProperties) = preSolution
		HideSolutionNode = FALSE
	EndGlobalSection
	GlobalSection(ExtensibilityGlobals) = postSolution
		SolutionGuid = {B677BB78-DA50-4C71-80F0-967B04CD5A35}
	EndGlobalSection
EndGlobal
